
Microsoft Visual Studio Solution File, Format Version 12.00
# Visual Studio Version 17
VisualStudioVersion = 17.0.32126.317
MinimumVisualStudioVersion = 10.0.40219.1
Project("{FAE04EC0-301F-11D3-BF4B-00C04F79EFBC}") = "WPFpractical", "WPFpractical\WPFpractical.csproj", "{C9B9B083-3516-4839-AFA7-9770A0DDAD73}"
EndProject
Global
	GlobalSection(SolutionConfigurationPlatforms) = preSolution
		Debug|Any CPU = Debug|Any CPU
		Release|Any CPU = Release|Any CPU
	EndGlobalSection
	GlobalSection(ProjectConfigurationPlatforms) = postSolution
		{C9B9B083-3516-4839-AFA7-9770A0DDAD73}.Debug|Any CPU.ActiveCfg = Debug|Any CPU
		{C9B9B083-3516-4839-AFA7-9770A0DDAD73}.Debug|Any CPU.Build.0 = Debug|Any CPU
		{C9B9B083-3516-4839-AFA7-9770A0DDAD73}.Release|Any CPU.ActiveCfg = Release|Any CPU
		{C9B9B083-3516-4839-AFA7-9770A0DDAD73}.Release|Any CPU.Build.0 = Release|Any CPU
	EndGlobalSection
	GlobalSection(SolutionProperties) = preSolution
		HideSolutionNode = FALSE
	EndGlobalSection
	GlobalSection(ExtensibilityGlobals) = postSolution
		SolutionGuid = {ADF57512-712D-4B18-AAD8-D61F1898DB20}
	EndGlobalSection
EndGlobal
